
Microsoft Visual Studio Solution File, Format Version 12.00
# Visual Studio Version 16
VisualStudioVersion = 16.0.33214.272
MinimumVisualStudioVersion = 10.0.40219.1
Project("{8BC9CEB8-8B4A-11D0-8D11-00A0C91BC942}") = "Day1", "Day1\Day1.vcxproj", "{585DD32E-43D4-4603-BFEB-D604AAEB3F6D}"
EndProject
Project("{8BC9CEB8-8B4A-11D0-8D11-00A0C91BC942}") = "Day2", "Day2\Day2.vcxproj", "{3AE304FD-DCA0-464D-A9D1-E717C722DA51}"
EndProject
Project("{8BC9CEB8-8B4A-11D0-8D11-00A0C91BC942}") = "Day3", "Day3\Day3.vcxproj", "{07936A59-7802-4749-A060-71C6BFF3C48A}"
EndProject
Project("{8BC9CEB8-8B4A-11D0-8D11-00A0C91BC942}") = "Day4", "Day 4\Day 4.vcxproj", "{AB86A642-BE6E-476A-A012-C5C01C6D76F5}"
EndProject
Project("{8BC9CEB8-8B4A-11D0-8D11-00A0C91BC942}") = "Day5", "Day5\Day5.vcxproj", "{72899E0D-F32E-46C8-9EE2-1BE8FCA95134}"
EndProject
Project("{8BC9CEB8-8B4A-11D0-8D11-00A0C91BC942}") = "Day6", "Day6\Day6.vcxproj", "{22916E9C-4CC8-4C1C-BAB9-996063E2C794}"
EndProject
Project("{8BC9CEB8-8B4A-11D0-8D11-00A0C91BC942}") = "Day7", "Day7\Day7.vcxproj", "{4596F220-36FB-40C4-9B21-77951AC91772}"
EndProject
Project("{8BC9CEB8-8B4A-11D0-8D11-00A0C91BC942}") = "Day8", "Day8\Day8.vcxproj", "{86400882-BF56-40C8-837B-DCB5A00A25EA}"
EndProject
Project("{8BC9CEB8-8B4A-11D0-8D11-00A0C91BC942}") = "Day9", "Day9\Day9.vcxproj", "{243DC4E8-C6BA-4C2C-9E31-6C4B5CDE7E0C}"
EndProject
Project("{8BC9CEB8-8B4A-11D0-8D11-00A0C91BC942}") = "Day10", "Day10\Day10.vcxproj", "{8BD29333-902D-47FC-8AAD-5C6FB245F790}"
EndProject
Project("{8BC9CEB8-8B4A-11D0-8D11-00A0C91BC942}") = "Day11", "Day11\Day11.vcxproj", "{4DA16403-8FA3-4AF4-A180-57DC2FCEE04E}"
EndProject
Project("{8BC9CEB8-8B4A-11D0-8D11-00A0C91BC942}") = "Day12", "Day12\Day12.vcxproj", "{0AB415B2-C412-4AC8-9B54-9DCF863EAC98}"
EndProject
Global
	GlobalSection(SolutionConfigurationPlatforms) = preSolution
		Debug|x64 = Debug|x64
		Debug|x86 = Debug|x86
		Release|x64 = Release|x64
		Release|x86 = Release|x86
	EndGlobalSection
	GlobalSection(ProjectConfigurationPlatforms) = postSolution
		{585DD32E-43D4-4603-BFEB-D604AAEB3F6D}.Debug|x64.ActiveCfg = Debug|x64
		{585DD32E-43D4-4603-BFEB-D604AAEB3F6D}.Debug|x64.Build.0 = Debug|x64
		{585DD32E-43D4-4603-BFEB-D604AAEB3F6D}.Debug|x86.ActiveCfg = Debug|Win32
		{585DD32E-43D4-4603-BFEB-D604AAEB3F6D}.Debug|x86.Build.0 = Debug|Win32
		{585DD32E-43D4-4603-BFEB-D604AAEB3F6D}.Release|x64.ActiveCfg = Release|x64
		{585DD32E-43D4-4603-BFEB-D604AAEB3F6D}.Release|x64.Build.0 = Release|x64
		{585DD32E-43D4-4603-BFEB-D604AAEB3F6D}.Release|x86.ActiveCfg = Release|Win32
		{585DD32E-43D4-4603-BFEB-D604AAEB3F6D}.Release|x86.Build.0 = Release|Win32
		{3AE304FD-DCA0-464D-A9D1-E717C722DA51}.Debug|x64.ActiveCfg = Debug|x64
		{3AE304FD-DCA0-464D-A9D1-E717C722DA51}.Debug|x64.Build.0 = Debug|x64
		{3AE304FD-DCA0-464D-A9D1-E717C722DA51}.Debug|x86.ActiveCfg = Debug|Win32
		{3AE304FD-DCA0-464D-A9D1-E717C722DA51}.Debug|x86.Build.0 = Debug|Win32
		{3AE304FD-DCA0-464D-A9D1-E717C722DA51}.Release|x64.ActiveCfg = Release|x64
		{3AE304FD-DCA0-464D-A9D1-E717C722DA51}.Release|x64.Build.0 = Release|x64
		{3AE304FD-DCA0-464D-A9D1-E717C722DA51}.Release|x86.ActiveCfg = Release|Win32
		{3AE304FD-DCA0-464D-A9D1-E717C722DA51}.Release|x86.Build.0 = Release|Win32
		{07936A59-7802-4749-A060-71C6BFF3C48A}.Debug|x64.ActiveCfg = Debug|x64
		{07936A59-7802-4749-A060-71C6BFF3C48A}.Debug|x64.Build.0 = Debug|x64
		{07936A59-7802-4749-A060-71C6BFF3C48A}.Debug|x86.ActiveCfg = Debug|Win32
		{07936A59-7802-4749-A060-71C6BFF3C48A}.Debug|x86.Build.0 = Debug|Win32
		{07936A59-7802-4749-A060-71C6BFF3C48A}.Release|x64.ActiveCfg = Release|x64
		{07936A59-7802-4749-A060-71C6BFF3C48A}.Release|x64.Build.0 = Release|x64
		{07936A59-7802-4749-A060-71C6BFF3C48A}.Release|x86.ActiveCfg = Release|Win32
		{07936A59-7802-4749-A060-71C6BFF3C48A}.Release|x86.Build.0 = Release|Win32
		{AB86A642-BE6E-476A-A012-C5C01C6D76F5}.Debug|x64.ActiveCfg = Debug|x64
		{AB86A642-BE6E-476A-A012-C5C01C6D76F5}.Debug|x64.Build.0 = Debug|x64
		{AB86A642-BE6E-476A-A012-C5C01C6D76F5}.Debug|x86.ActiveCfg = Debug|Win32
		{AB86A642-BE6E-476A-A012-C5C01C6D76F5}.Debug|x86.Build.0 = Debug|Win32
		{AB86A642-BE6E-476A-A012-C5C01C6D76F5}.Release|x64.ActiveCfg = Release|x64
		{AB86A642-BE6E-476A-A012-C5C01C6D76F5}.Release|x64.Build.0 = Release|x64
		{AB86A642-BE6E-476A-A012-C5C01C6D76F5}.Release|x86.ActiveCfg = Release|Win32
		{AB86A642-BE6E-476A-A012-C5C01C6D76F5}.Release|x86.Build.0 = Release|Win32
		{72899E0D-F32E-46C8-9EE2-1BE8FCA95134}.Debug|x64.ActiveCfg = Debug|x64
		{72899E0D-F32E-46C8-9EE2-1BE8FCA95134}.Debug|x64.Build.0 = Debug|x64
		{72899E0D-F32E-46C8-9EE2-1BE8FCA95134}.Debug|x86.ActiveCfg = Debug|Win32
		{72899E0D-F32E-46C8-9EE2-1BE8FCA95134}.Debug|x86.Build.0 = Debug|Win32
		{72899E0D-F32E-46C8-9EE2-1BE8FCA95134}.Release|x64.ActiveCfg = Release|x64
		{72899E0D-F32E-46C8-9EE2-1BE8FCA95134}.Release|x64.Build.0 = Release|x64
		{72899E0D-F32E-46C8-9EE2-1BE8FCA95134}.Release|x86.ActiveCfg = Release|Win32
		{72899E0D-F32E-46C8-9EE2-1BE8FCA95134}.Release|x86.Build.0 = Release|Win32
		{22916E9C-4CC8-4C1C-BAB9-996063E2C794}.Debug|x64.ActiveCfg = Debug|x64
		{22916E9C-4CC8-4C1C-BAB9-996063E2C794}.Debug|x64.Build.0 = Debug|x64
		{22916E9C-4CC8-4C1C-BAB9-996063E2C794}.Debug|x86.ActiveCfg = Debug|Win32
		{22916E9C-4CC8-4C1C-BAB9-996063E2C794}.Debug|x86.Build.0 = Debug|Win32
		{22916E9C-4CC8-4C1C-BAB9-996063E2C794}.Release|x64.ActiveCfg = Release|x64
		{22916E9C-4CC8-4C1C-BAB9-996063E2C794}.Release|x64.Build.0 = Release|x64
		{22916E9C-4CC8-4C1C-BAB9-996063E2C794}.Release|x86.ActiveCfg = Release|Win32
		{22916E9C-4CC8-4C1C-BAB9-996063E2C794}.Release|x86.Build.0 = Release|Win32
		{4596F220-36FB-40C4-9B21-77951AC91772}.Debug|x64.ActiveCfg = Debug|x64
		{4596F220-36FB-40C4-9B21-77951AC91772}.Debug|x64.Build.0 = Debug|x64
		{4596F220-36FB-40C4-9B21-77951AC91772}.Debug|x86.ActiveCfg = Debug|Win32
		{4596F220-36FB-40C4-9B21-77951AC91772}.Debug|x86.Build.0 = Debug|Win32
		{4596F220-36FB-40C4-9B21-77951AC91772}.Release|x64.ActiveCfg = Release|x64
		{4596F220-36FB-40C4-9B21-77951AC91772}.Release|x64.Build.0 = Release|x64
		{4596F220-36FB-40C4-9B21-77951AC91772}.Release|x86.ActiveCfg = Release|Win32
		{4596F220-36FB-40C4-9B21-77951AC91772}.Release|x86.Build.0 = Release|Win32
		{86400882-BF56-40C8-837B-DCB5A00A25EA}.Debug|x64.ActiveCfg = Debug|x64
		{86400882-BF56-40C8-837B-DCB5A00A25EA}.Debug|x64.Build.0 = Debug|x64
		{86400882-BF56-40C8-837B-DCB5A00A25EA}.Debug|x86.ActiveCfg = Debug|Win32
		{86400882-BF56-40C8-837B-DCB5A00A25EA}.Debug|x86.Build.0 = Debug|Win32
		{86400882-BF56-40C8-837B-DCB5A00A25EA}.Release|x64.ActiveCfg = Release|x64
		{86400882-BF56-40C8-837B-DCB5A00A25EA}.Release|x64.Build.0 = Release|x64
		{86400882-BF56-40C8-837B-DCB5A00A25EA}.Release|x86.ActiveCfg = Release|Win32
		{86400882-BF56-40C8-837B-DCB5A00A25EA}.Release|x86.Build.0 = Release|Win32
		{243DC4E8-C6BA-4C2C-9E31-6C4B5CDE7E0C}.Debug|x64.ActiveCfg = Debug|x64
		{243DC4E8-C6BA-4C2C-9E31-6C4B5CDE7E0C}.Debug|x64.Build.0 = Debug|x64
		{243DC4E8-C6BA-4C2C-9E31-6C4B5CDE7E0C}.Debug|x86.ActiveCfg = Debug|Win32
		{243DC4E8-C6BA-4C2C-9E31-6C4B5CDE7E0C}.Debug|x86.Build.0 = Debug|Win32
		{243DC4E8-C6BA-4C2C-9E31-6C4B5CDE7E0C}.Release|x64.ActiveCfg = Release|x64
		{243DC4E8-C6BA-4C2C-9E31-6C4B5CDE7E0C}.Release|x64.Build.0 = Release|x64
		{243DC4E8-C6BA-4C2C-9E31-6C4B5CDE7E0C}.Release|x86.ActiveCfg = Release|Win32
		{243DC4E8-C6BA-4C2C-9E31-6C4B5CDE7E0C}.Release|x86.Build.0 = Release|Win32
		{8BD29333-902D-47FC-8AAD-5C6FB245F790}.Debug|x64.ActiveCfg = Debug|x64
		{8BD29333-902D-47FC-8AAD-5C6FB245F790}.Debug|x64.Build.0 = Debug|x64
		{8BD29333-902D-47FC-8AAD-5C6FB245F790}.Debug|x86.ActiveCfg = Debug|Win32
		{8BD29333-902D-47FC-8AAD-5C6FB245F790}.Debug|x86.Build.0 = Debug|Win32
		{8BD29333-902D-47FC-8AAD-5C6FB245F790}.Release|x64.ActiveCfg = Release|x64
		{8BD29333-902D-47FC-8AAD-5C6FB245F790}.Release|x64.Build.0 = Release|x64
		{8BD29333-902D-47FC-8AAD-5C6FB245F790}.Release|x86.ActiveCfg = Release|Win32
		{8BD29333-902D-47FC-8AAD-5C6FB245F790}.Release|x86.Build.0 = Release|Win32
		{4DA16403-8FA3-4AF4-A180-57DC2FCEE04E}.Debug|x64.ActiveCfg = Debug|x64
		{4DA16403-8FA3-4AF4-A180-57DC2FCEE04E}.Debug|x64.Build.0 = Debug|x64
		{4DA16403-8FA3-4AF4-A180-57DC2FCEE04E}.Debug|x86.ActiveCfg = Debug|Win32
		{4DA16403-8FA3-4AF4-A180-57DC2FCEE04E}.Debug|x86.Build.0 = Debug|Win32
		{4DA16403-8FA3-4AF4-A180-57DC2FCEE04E}.Release|x64.ActiveCfg = Release|x64
		{4DA16403-8FA3-4AF4-A180-57DC2FCEE04E}.Release|x64.Build.0 = Release|x64
		{4DA16403-8FA3-4AF4-A180-57DC2FCEE04E}.Release|x86.ActiveCfg = Release|Win32
		{4DA16403-8FA3-4AF4-A180-57DC2FCEE04E}.Release|x86.Build.0 = Release|Win32
		{0AB415B2-C412-4AC8-9B54-9DCF863EAC98}.Debug|x64.ActiveCfg = Debug|x64
		{0AB415B2-C412-4AC8-9B54-9DCF863EAC98}.Debug|x64.Build.0 = Debug|x64
		{0AB415B2-C412-4AC8-9B54-9DCF863EAC98}.Debug|x86.ActiveCfg = Debug|Win32
		{0AB415B2-C412-4AC8-9B54-9DCF863EAC98}.Debug|x86.Build.0 = Debug|Win32
		{0AB415B2-C412-4AC8-9B54-9DCF863EAC98}.Release|x64.ActiveCfg = Release|x64
		{0AB415B2-C412-4AC8-9B54-9DCF863EAC98}.Release|x64.Build.0 = Release|x64
		{0AB415B2-C412-4AC8-9B54-9DCF863EAC98}.Release|x86.ActiveCfg = Release|Win32
		{0AB415B2-C412-4AC8-9B54-9DCF863EAC98}.Release|x86.Build.0 = Release|Win32
	EndGlobalSection
	GlobalSection(SolutionProperties) = preSolution
		HideSolutionNode = FALSE
	EndGlobalSection
	GlobalSection(ExtensibilityGlobals) = postSolution
		SolutionGuid = {29470343-0C78-4E25-8707-8D1522E71063}
	EndGlobalSection
EndGlobal
